{
  "name": "dreame-vacuum-client",
  "version": "1.0.0",
  "lockfileVersion": 3,
  "requires": true,
  "packages": {
    "": {
      "name": "dreame-vacuum-client",
      "version": "1.0.0",
      "license": "ISC",
      "dependencies": {
        "node-ansi-logger": "^3.1.1"
      }
    },
    "node_modules/node-ansi-logger": {
      "version": "3.1.1",
      "resolved": "https://registry.npmjs.org/node-ansi-logger/-/node-ansi-logger-3.1.1.tgz",
      "integrity": "sha512-tFeCSxwiRg5XaNda5nC27alzraZP76nLtUk1JDZqb9byhW4WYaSGL7/lmxFHEI16gypQDMEYljuF+wcG+cPPHw==",
      "hasShrinkwrap": true,
      "license": "Apache-2.0",
      "engines": {
        "node": ">=18.0.0 <19.0.0 || >=20.0.0 <21.0.0 || >=22.0.0 <23.0.0 || >=24.0.0 <25.0.0"
      },
      "funding": {
        "type": "buymeacoffee",
        "url": "https://www.buymeacoffee.com/luligugithub"
      }
    }
  }
}
